
Microsoft Visual Studio Solution File, Format Version 12.00
# Visual Studio 15
VisualStudioVersion = 15.0.28307.329
MinimumVisualStudioVersion = 10.0.40219.1
Project("{FAE04EC0-301F-11D3-BF4B-00C04F79EFBC}") = "travhotel", "travhotel\travhotel.csproj", "{A2C8F18B-713B-4D6D-8556-B8761FA0C4FD}"
EndProject
Global
	GlobalSection(SolutionConfigurationPlatforms) = preSolution
		Debug|Any CPU = Debug|Any CPU
		Release|Any CPU = Release|Any CPU
	EndGlobalSection
	GlobalSection(ProjectConfigurationPlatforms) = postSolution
		{A2C8F18B-713B-4D6D-8556-B8761FA0C4FD}.Debug|Any CPU.ActiveCfg = Debug|Any CPU
		{A2C8F18B-713B-4D6D-8556-B8761FA0C4FD}.Debug|Any CPU.Build.0 = Debug|Any CPU
		{A2C8F18B-713B-4D6D-8556-B8761FA0C4FD}.Release|Any CPU.ActiveCfg = Release|Any CPU
		{A2C8F18B-713B-4D6D-8556-B8761FA0C4FD}.Release|Any CPU.Build.0 = Release|Any CPU
	EndGlobalSection
	GlobalSection(SolutionProperties) = preSolution
		HideSolutionNode = FALSE
	EndGlobalSection
	GlobalSection(ExtensibilityGlobals) = postSolution
		SolutionGuid = {A7994755-6903-46C0-BCC1-A2A65F926A4C}
	EndGlobalSection
EndGlobal
